
Microsoft Visual Studio Solution File, Format Version 12.00
# Visual Studio Version 17
VisualStudioVersion = 17.6.33801.468
MinimumVisualStudioVersion = 10.0.40219.1
Project("{FAE04EC0-301F-11D3-BF4B-00C04F79EFBC}") = "Blog", "Blog\Blog.csproj", "{167E4297-BFC8-4C0D-8942-38B6AF90791B}"
EndProject
Global
	GlobalSection(SolutionConfigurationPlatforms) = preSolution
		Debug|Any CPU = Debug|Any CPU
		Release|Any CPU = Release|Any CPU
	EndGlobalSection
	GlobalSection(ProjectConfigurationPlatforms) = postSolution
		{167E4297-BFC8-4C0D-8942-38B6AF90791B}.Debug|Any CPU.ActiveCfg = Debug|Any CPU
		{167E4297-BFC8-4C0D-8942-38B6AF90791B}.Debug|Any CPU.Build.0 = Debug|Any CPU
		{167E4297-BFC8-4C0D-8942-38B6AF90791B}.Release|Any CPU.ActiveCfg = Release|Any CPU
		{167E4297-BFC8-4C0D-8942-38B6AF90791B}.Release|Any CPU.Build.0 = Release|Any CPU
	EndGlobalSection
	GlobalSection(SolutionProperties) = preSolution
		HideSolutionNode = FALSE
	EndGlobalSection
	GlobalSection(ExtensibilityGlobals) = postSolution
		SolutionGuid = {163B0BC9-2DEE-4DBE-AC9A-3ADE68E50C69}
	EndGlobalSection
EndGlobal
